{
  "name": "swv",
  "version": "1.0.0",
  "lockfileVersion": 2,
  "requires": true,
  "packages": {
    "": {
      "name": "swv",
      "version": "1.0.0",
      "license": "MIT",
      "devDependencies": {
        "@takayukister/form-data-tree": "^1.0.0"
      }
    },
    "node_modules/@takayukister/form-data-tree": {
      "version": "1.0.0",
      "resolved": "https://registry.npmjs.org/@takayukister/form-data-tree/-/form-data-tree-1.0.0.tgz",
      "integrity": "sha512-j9u92duN0houmnrbbo8YwzunqtPUqkTKtmWttPexVmzcLSpqOvZT9grjuLM5mJicDHGAHRNJVWsnUBg70rTGDA==",
      "dev": true
    }
  },
  "dependencies": {
    "@takayukister/form-data-tree": {
      "version": "1.0.0",
      "resolved": "https://registry.npmjs.org/@takayukister/form-data-tree/-/form-data-tree-1.0.0.tgz",
      "integrity": "sha512-j9u92duN0houmnrbbo8YwzunqtPUqkTKtmWttPexVmzcLSpqOvZT9grjuLM5mJicDHGAHRNJVWsnUBg70rTGDA==",
      "dev": true
    }
  }
}
